<Solution>
  <Project Path="TP01_Menu.Domaine/TP01_Menu.Domaine.csproj" />
  <Project Path="TP01_Menu.Application/TP01_Menu.Application.csproj" />
  <Project Path="TP01_Menu.Infrastructure/TP01_Menu.Infrastructure.csproj" />
  <Project Path="TP01_Menu.Terminal/TP01_Menu.Terminal.csproj" />
  <Project Path="TP01_Menu.Tests/TP01_Menu.Tests.csproj" />
</Solution>
